// !$*UTF8*$!
{
	archiveVersion = 1;
	classes = {
	};
	objectVersion = 50;
	objects = {

/* Begin PBXBuildFile section */
		90B4313E238424EB00FCD5F6 /* HandModel.mlmodel in Sources */ = {isa = PBXBuildFile; fileRef = 90B4313D238424EB00FCD5F6 /* HandModel.mlmodel */; };
		90B431432384250000FCD5F6 /* HandDetector.swift in Sources */ = {isa = PBXBuildFile; fileRef = 90B431402384250000FCD5F6 /* HandDetector.swift */; };
		90B431442384250000FCD5F6 /* CVPixelBuffer+Search.swift in Sources */ = {isa = PBXBuildFile; fileRef = 90B431412384250000FCD5F6 /* CVPixelBuffer+Search.swift */; };
		90B431462384378900FCD5F6 /* PlaneNode.swift in Sources */ = {isa = PBXBuildFile; fileRef = 90B431452384378900FCD5F6 /* PlaneNode.swift */; };
		90B431492385959700FCD5F6 /* punch.mp3 in Resources */ = {isa = PBXBuildFile; fileRef = 90B431482385959700FCD5F6 /* punch.mp3 */; };
		90B4314B23859AAC00FCD5F6 /* Completed.caf in Resources */ = {isa = PBXBuildFile; fileRef = 90B4314A238599A500FCD5F6 /* Completed.caf */; };
		90CEB5F52382ACAE00249C82 /* AppDelegate.swift in Sources */ = {isa = PBXBuildFile; fileRef = 90CEB5F42382ACAE00249C82 /* AppDelegate.swift */; };
		90CEB5FB2382ACAE00249C82 /* ARViewController.swift in Sources */ = {isa = PBXBuildFile; fileRef = 90CEB5FA2382ACAE00249C82 /* ARViewController.swift */; };
		90CEB5FE2382ACAE00249C82 /* Main.storyboard in Resources */ = {isa = PBXBuildFile; fileRef = 90CEB5FC2382ACAE00249C82 /* Main.storyboard */; };
		90CEB6002382ACB200249C82 /* Assets.xcassets in Resources */ = {isa = PBXBuildFile; fileRef = 90CEB5FF2382ACB200249C82 /* Assets.xcassets */; };
		90CEB6032382ACB200249C82 /* LaunchScreen.storyboard in Resources */ = {isa = PBXBuildFile; fileRef = 90CEB6012382ACB200249C82 /* LaunchScreen.storyboard */; };
		EBBC28552383FF6500D3E5E4 /* ColourMaker.swift in Sources */ = {isa = PBXBuildFile; fileRef = EBBC28542383FF6500D3E5E4 /* ColourMaker.swift */; };
		EBBC28592384281C00D3E5E4 /* CoordinateMaker.swift in Sources */ = {isa = PBXBuildFile; fileRef = EBBC28582384281C00D3E5E4 /* CoordinateMaker.swift */; };
		EBBC286A238561C500D3E5E4 /* CoordinateMakerTests.swift in Sources */ = {isa = PBXBuildFile; fileRef = EBBC2869238561C500D3E5E4 /* CoordinateMakerTests.swift */; };
/* End PBXBuildFile section */

/* Begin PBXContainerItemProxy section */
		EBBC28632384295700D3E5E4 /* PBXContainerItemProxy */ = {
			isa = PBXContainerItemProxy;
			containerPortal = 90CEB5E92382ACAE00249C82 /* Project object */;
			proxyType = 1;
			remoteGlobalIDString = 90CEB5F02382ACAE00249C82;
			remoteInfo = ARHandDev;
		};
/* End PBXContainerItemProxy section */

/* Begin PBXFileReference section */
		90B4313D238424EB00FCD5F6 /* HandModel.mlmodel */ = {isa = PBXFileReference; lastKnownFileType = file.mlmodel; path = HandModel.mlmodel; sourceTree = "<group>"; };
		90B431402384250000FCD5F6 /* HandDetector.swift */ = {isa = PBXFileReference; fileEncoding = 4; lastKnownFileType = sourcecode.swift; path = HandDetector.swift; sourceTree = "<group>"; };
		90B431412384250000FCD5F6 /* CVPixelBuffer+Search.swift */ = {isa = PBXFileReference; fileEncoding = 4; lastKnownFileType = sourcecode.swift; path = "CVPixelBuffer+Search.swift"; sourceTree = "<group>"; };
		90B431452384378900FCD5F6 /* PlaneNode.swift */ = {isa = PBXFileReference; lastKnownFileType = sourcecode.swift; path = PlaneNode.swift; sourceTree = "<group>"; };
		90B431482385959700FCD5F6 /* punch.mp3 */ = {isa = PBXFileReference; lastKnownFileType = audio.mp3; path = punch.mp3; sourceTree = "<group>"; };
		90B4314A238599A500FCD5F6 /* Completed.caf */ = {isa = PBXFileReference; lastKnownFileType = file; path = Completed.caf; sourceTree = "<group>"; };
		90CEB5F12382ACAE00249C82 /* ARHandDev.app */ = {isa = PBXFileReference; explicitFileType = wrapper.application; includeInIndex = 0; path = ARHandDev.app; sourceTree = BUILT_PRODUCTS_DIR; };
		90CEB5F42382ACAE00249C82 /* AppDelegate.swift */ = {isa = PBXFileReference; lastKnownFileType = sourcecode.swift; path = AppDelegate.swift; sourceTree = "<group>"; };
		90CEB5FA2382ACAE00249C82 /* ARViewController.swift */ = {isa = PBXFileReference; lastKnownFileType = sourcecode.swift; path = ARViewController.swift; sourceTree = "<group>"; };
		90CEB5FD2382ACAE00249C82 /* Base */ = {isa = PBXFileReference; lastKnownFileType = file.storyboard; name = Base; path = Base.lproj/Main.storyboard; sourceTree = "<group>"; };
		90CEB5FF2382ACB200249C82 /* Assets.xcassets */ = {isa = PBXFileReference; lastKnownFileType = folder.assetcatalog; path = Assets.xcassets; sourceTree = "<group>"; };
		90CEB6022382ACB200249C82 /* Base */ = {isa = PBXFileReference; lastKnownFileType = file.storyboard; name = Base; path = Base.lproj/LaunchScreen.storyboard; sourceTree = "<group>"; };
		90CEB6042382ACB200249C82 /* Info.plist */ = {isa = PBXFileReference; lastKnownFileType = text.plist.xml; path = Info.plist; sourceTree = "<group>"; };
		EBBC28542383FF6500D3E5E4 /* ColourMaker.swift */ = {isa = PBXFileReference; lastKnownFileType = sourcecode.swift; path = ColourMaker.swift; sourceTree = "<group>"; };
		EBBC28582384281C00D3E5E4 /* CoordinateMaker.swift */ = {isa = PBXFileReference; lastKnownFileType = sourcecode.swift; path = CoordinateMaker.swift; sourceTree = "<group>"; };
		EBBC285E2384295700D3E5E4 /* ARHandDevTests.xctest */ = {isa = PBXFileReference; explicitFileType = wrapper.cfbundle; includeInIndex = 0; path = ARHandDevTests.xctest; sourceTree = BUILT_PRODUCTS_DIR; };
		EBBC28622384295700D3E5E4 /* Info.plist */ = {isa = PBXFileReference; lastKnownFileType = text.plist.xml; path = Info.plist; sourceTree = "<group>"; };
		EBBC2868238561C400D3E5E4 /* ARHandDevTests-Bridging-Header.h */ = {isa = PBXFileReference; lastKnownFileType = sourcecode.c.h; path = "ARHandDevTests-Bridging-Header.h"; sourceTree = "<group>"; };
		EBBC2869238561C500D3E5E4 /* CoordinateMakerTests.swift */ = {isa = PBXFileReference; fileEncoding = 4; lastKnownFileType = sourcecode.swift; path = CoordinateMakerTests.swift; sourceTree = "<group>"; };
/* End PBXFileReference section */

/* Begin PBXFrameworksBuildPhase section */
		90CEB5EE2382ACAE00249C82 /* Frameworks */ = {
			isa = PBXFrameworksBuildPhase;
			buildActionMask = 2147483647;
			files = (
			);
			runOnlyForDeploymentPostprocessing = 0;
		};
		EBBC285B2384295700D3E5E4 /* Frameworks */ = {
			isa = PBXFrameworksBuildPhase;
			buildActionMask = 2147483647;
			files = (
			);
			runOnlyForDeploymentPostprocessing = 0;
		};
/* End PBXFrameworksBuildPhase section */

/* Begin PBXGroup section */
		90B4313C238424EB00FCD5F6 /* CoreML */ = {
			isa = PBXGroup;
			children = (
				90B4313D238424EB00FCD5F6 /* HandModel.mlmodel */,
			);
			path = CoreML;
			sourceTree = "<group>";
		};
		90B431472385957E00FCD5F6 /* Resources */ = {
			isa = PBXGroup;
			children = (
				90B4314A238599A500FCD5F6 /* Completed.caf */,
				90B431482385959700FCD5F6 /* punch.mp3 */,
			);
			path = Resources;
			sourceTree = "<group>";
		};
		90CEB5E82382ACAE00249C82 = {
			isa = PBXGroup;
			children = (
				90CEB5F32382ACAE00249C82 /* ARHandDev */,
				EBBC285F2384295700D3E5E4 /* ARHandDevTests */,
				90CEB5F22382ACAE00249C82 /* Products */,
			);
			sourceTree = "<group>";
		};
		90CEB5F22382ACAE00249C82 /* Products */ = {
			isa = PBXGroup;
			children = (
				90CEB5F12382ACAE00249C82 /* ARHandDev.app */,
				EBBC285E2384295700D3E5E4 /* ARHandDevTests.xctest */,
			);
			name = Products;
			sourceTree = "<group>";
		};
		90CEB5F32382ACAE00249C82 /* ARHandDev */ = {
			isa = PBXGroup;
			children = (
				90B431472385957E00FCD5F6 /* Resources */,
				90B4313C238424EB00FCD5F6 /* CoreML */,
				EBBC28532383FF2100D3E5E4 /* Utilities */,
				90CEB5F42382ACAE00249C82 /* AppDelegate.swift */,
				90CEB5FA2382ACAE00249C82 /* ARViewController.swift */,
				90CEB5FC2382ACAE00249C82 /* Main.storyboard */,
				90CEB5FF2382ACB200249C82 /* Assets.xcassets */,
				90CEB6012382ACB200249C82 /* LaunchScreen.storyboard */,
				90CEB6042382ACB200249C82 /* Info.plist */,
			);
			path = ARHandDev;
			sourceTree = "<group>";
		};
		EBBC28532383FF2100D3E5E4 /* Utilities */ = {
			isa = PBXGroup;
			children = (
				90B431412384250000FCD5F6 /* CVPixelBuffer+Search.swift */,
				90B431452384378900FCD5F6 /* PlaneNode.swift */,
				90B431402384250000FCD5F6 /* HandDetector.swift */,
				EBBC28542383FF6500D3E5E4 /* ColourMaker.swift */,
				EBBC28582384281C00D3E5E4 /* CoordinateMaker.swift */,
			);
			path = Utilities;
			sourceTree = "<group>";
		};
		EBBC285F2384295700D3E5E4 /* ARHandDevTests */ = {
			isa = PBXGroup;
			children = (
				EBBC2869238561C500D3E5E4 /* CoordinateMakerTests.swift */,
				EBBC28622384295700D3E5E4 /* Info.plist */,
				EBBC2868238561C400D3E5E4 /* ARHandDevTests-Bridging-Header.h */,
			);
			path = ARHandDevTests;
			sourceTree = "<group>";
		};
/* End PBXGroup section */

/* Begin PBXNativeTarget section */
		90CEB5F02382ACAE00249C82 /* ARHandDev */ = {
			isa = PBXNativeTarget;
			buildConfigurationList = 90CEB6072382ACB200249C82 /* Build configuration list for PBXNativeTarget "ARHandDev" */;
			buildPhases = (
				90CEB5ED2382ACAE00249C82 /* Sources */,
				90CEB5EE2382ACAE00249C82 /* Frameworks */,
				90CEB5EF2382ACAE00249C82 /* Resources */,
			);
			buildRules = (
			);
			dependencies = (
			);
			name = ARHandDev;
			productName = ARHandDev;
			productReference = 90CEB5F12382ACAE00249C82 /* ARHandDev.app */;
			productType = "com.apple.product-type.application";
		};
		EBBC285D2384295700D3E5E4 /* ARHandDevTests */ = {
			isa = PBXNativeTarget;
			buildConfigurationList = EBBC28652384295700D3E5E4 /* Build configuration list for PBXNativeTarget "ARHandDevTests" */;
			buildPhases = (
				EBBC285A2384295700D3E5E4 /* Sources */,
				EBBC285B2384295700D3E5E4 /* Frameworks */,
				EBBC285C2384295700D3E5E4 /* Resources */,
			);
			buildRules = (
			);
			dependencies = (
				EBBC28642384295700D3E5E4 /* PBXTargetDependency */,
			);
			name = ARHandDevTests;
			productName = ARHandDevTests;
			productReference = EBBC285E2384295700D3E5E4 /* ARHandDevTests.xctest */;
			productType = "com.apple.product-type.bundle.unit-test";
		};
/* End PBXNativeTarget section */

/* Begin PBXProject section */
		90CEB5E92382ACAE00249C82 /* Project object */ = {
			isa = PBXProject;
			attributes = {
				LastSwiftUpdateCheck = 1110;
				LastUpgradeCheck = 1120;
				ORGANIZATIONNAME = Stephanie;
				TargetAttributes = {
					90CEB5F02382ACAE00249C82 = {
						CreatedOnToolsVersion = 11.2.1;
					};
					EBBC285D2384295700D3E5E4 = {
						CreatedOnToolsVersion = 11.1;
						LastSwiftMigration = 1110;
						TestTargetID = 90CEB5F02382ACAE00249C82;
					};
				};
			};
			buildConfigurationList = 90CEB5EC2382ACAE00249C82 /* Build configuration list for PBXProject "ARHandDev" */;
			compatibilityVersion = "Xcode 9.3";
			developmentRegion = en;
			hasScannedForEncodings = 0;
			knownRegions = (
				en,
				Base,
			);
			mainGroup = 90CEB5E82382ACAE00249C82;
			productRefGroup = 90CEB5F22382ACAE00249C82 /* Products */;
			projectDirPath = "";
			projectRoot = "";
			targets = (
				90CEB5F02382ACAE00249C82 /* ARHandDev */,
				EBBC285D2384295700D3E5E4 /* ARHandDevTests */,
			);
		};
/* End PBXProject section */

/* Begin PBXResourcesBuildPhase section */
		90CEB5EF2382ACAE00249C82 /* Resources */ = {
			isa = PBXResourcesBuildPhase;
			buildActionMask = 2147483647;
			files = (
				90CEB6032382ACB200249C82 /* LaunchScreen.storyboard in Resources */,
				90B431492385959700FCD5F6 /* punch.mp3 in Resources */,
				90B4314B23859AAC00FCD5F6 /* Completed.caf in Resources */,
				90CEB6002382ACB200249C82 /* Assets.xcassets in Resources */,
				90CEB5FE2382ACAE00249C82 /* Main.storyboard in Resources */,
			);
			runOnlyForDeploymentPostprocessing = 0;
		};
		EBBC285C2384295700D3E5E4 /* Resources */ = {
			isa = PBXResourcesBuildPhase;
			buildActionMask = 2147483647;
			files = (
			);
			runOnlyForDeploymentPostprocessing = 0;
		};
/* End PBXResourcesBuildPhase section */

/* Begin PBXSourcesBuildPhase section */
		90CEB5ED2382ACAE00249C82 /* Sources */ = {
			isa = PBXSourcesBuildPhase;
			buildActionMask = 2147483647;
			files = (
				EBBC28592384281C00D3E5E4 /* CoordinateMaker.swift in Sources */,
				90B431442384250000FCD5F6 /* CVPixelBuffer+Search.swift in Sources */,
				90CEB5FB2382ACAE00249C82 /* ARViewController.swift in Sources */,
				90B431462384378900FCD5F6 /* PlaneNode.swift in Sources */,
				90B4313E238424EB00FCD5F6 /* HandModel.mlmodel in Sources */,
				EBBC28552383FF6500D3E5E4 /* ColourMaker.swift in Sources */,
				90B431432384250000FCD5F6 /* HandDetector.swift in Sources */,
				90CEB5F52382ACAE00249C82 /* AppDelegate.swift in Sources */,
			);
			runOnlyForDeploymentPostprocessing = 0;
		};
		EBBC285A2384295700D3E5E4 /* Sources */ = {
			isa = PBXSourcesBuildPhase;
			buildActionMask = 2147483647;
			files = (
				EBBC286A238561C500D3E5E4 /* CoordinateMakerTests.swift in Sources */,
			);
			runOnlyForDeploymentPostprocessing = 0;
		};
/* End PBXSourcesBuildPhase section */

/* Begin PBXTargetDependency section */
		EBBC28642384295700D3E5E4 /* PBXTargetDependency */ = {
			isa = PBXTargetDependency;
			target = 90CEB5F02382ACAE00249C82 /* ARHandDev */;
			targetProxy = EBBC28632384295700D3E5E4 /* PBXContainerItemProxy */;
		};
/* End PBXTargetDependency section */

/* Begin PBXVariantGroup section */
		90CEB5FC2382ACAE00249C82 /* Main.storyboard */ = {
			isa = PBXVariantGroup;
			children = (
				90CEB5FD2382ACAE00249C82 /* Base */,
			);
			name = Main.storyboard;
			sourceTree = "<group>";
		};
		90CEB6012382ACB200249C82 /* LaunchScreen.storyboard */ = {
			isa = PBXVariantGroup;
			children = (
				90CEB6022382ACB200249C82 /* Base */,
			);
			name = LaunchScreen.storyboard;
			sourceTree = "<group>";
		};
/* End PBXVariantGroup section */

/* Begin XCBuildConfiguration section */
		90CEB6052382ACB200249C82 /* Debug */ = {
			isa = XCBuildConfiguration;
			buildSettings = {
				ALWAYS_SEARCH_USER_PATHS = NO;
				CLANG_ANALYZER_NONNULL = YES;
				CLANG_ANALYZER_NUMBER_OBJECT_CONVERSION = YES_AGGRESSIVE;
				CLANG_CXX_LANGUAGE_STANDARD = "gnu++14";
				CLANG_CXX_LIBRARY = "libc++";
				CLANG_ENABLE_MODULES = YES;
				CLANG_ENABLE_OBJC_ARC = YES;
				CLANG_ENABLE_OBJC_WEAK = YES;
				CLANG_WARN_BLOCK_CAPTURE_AUTORELEASING = YES;
				CLANG_WARN_BOOL_CONVERSION = YES;
				CLANG_WARN_COMMA = YES;
				CLANG_WARN_CONSTANT_CONVERSION = YES;
				CLANG_WARN_DEPRECATED_OBJC_IMPLEMENTATIONS = YES;
				CLANG_WARN_DIRECT_OBJC_ISA_USAGE = YES_ERROR;
				CLANG_WARN_DOCUMENTATION_COMMENTS = YES;
				CLANG_WARN_EMPTY_BODY = YES;
				CLANG_WARN_ENUM_CONVERSION = YES;
				CLANG_WARN_INFINITE_RECURSION = YES;
				CLANG_WARN_INT_CONVERSION = YES;
				CLANG_WARN_NON_LITERAL_NULL_CONVERSION = YES;
				CLANG_WARN_OBJC_IMPLICIT_RETAIN_SELF = YES;
				CLANG_WARN_OBJC_LITERAL_CONVERSION = YES;
				CLANG_WARN_OBJC_ROOT_CLASS = YES_ERROR;
				CLANG_WARN_RANGE_LOOP_ANALYSIS = YES;
				CLANG_WARN_STRICT_PROTOTYPES = YES;
				CLANG_WARN_SUSPICIOUS_MOVE = YES;
				CLANG_WARN_UNGUARDED_AVAILABILITY = YES_AGGRESSIVE;
				CLANG_WARN_UNREACHABLE_CODE = YES;
				CLANG_WARN__DUPLICATE_METHOD_MATCH = YES;
				COPY_PHASE_STRIP = NO;
				DEBUG_INFORMATION_FORMAT = dwarf;
				ENABLE_STRICT_OBJC_MSGSEND = YES;
				ENABLE_TESTABILITY = YES;
				GCC_C_LANGUAGE_STANDARD = gnu11;
				GCC_DYNAMIC_NO_PIC = NO;
				GCC_NO_COMMON_BLOCKS = YES;
				GCC_OPTIMIZATION_LEVEL = 0;
				GCC_PREPROCESSOR_DEFINITIONS = (
					"DEBUG=1",
					"$(inherited)",
				);
				GCC_WARN_64_TO_32_BIT_CONVERSION = YES;
				GCC_WARN_ABOUT_RETURN_TYPE = YES_ERROR;
				GCC_WARN_UNDECLARED_SELECTOR = YES;
				GCC_WARN_UNINITIALIZED_AUTOS = YES_AGGRESSIVE;
				GCC_WARN_UNUSED_FUNCTION = YES;
				GCC_WARN_UNUSED_VARIABLE = YES;
				IPHONEOS_DEPLOYMENT_TARGET = 13.0;
				MTL_ENABLE_DEBUG_INFO = INCLUDE_SOURCE;
				MTL_FAST_MATH = YES;
				ONLY_ACTIVE_ARCH = YES;
				SDKROOT = iphoneos;
				SWIFT_ACTIVE_COMPILATION_CONDITIONS = DEBUG;
				SWIFT_OPTIMIZATION_LEVEL = "-Onone";
			};
			name = Debug;
		};
		90CEB6062382ACB200249C82 /* Release */ = {
			isa = XCBuildConfiguration;
			buildSettings = {
				ALWAYS_SEARCH_USER_PATHS = NO;
				CLANG_ANALYZER_NONNULL = YES;
				CLANG_ANALYZER_NUMBER_OBJECT_CONVERSION = YES_AGGRESSIVE;
				CLANG_CXX_LANGUAGE_STANDARD = "gnu++14";
				CLANG_CXX_LIBRARY = "libc++";
				CLANG_ENABLE_MODULES = YES;
				CLANG_ENABLE_OBJC_ARC = YES;
				CLANG_ENABLE_OBJC_WEAK = YES;
				CLANG_WARN_BLOCK_CAPTURE_AUTORELEASING = YES;
				CLANG_WARN_BOOL_CONVERSION = YES;
				CLANG_WARN_COMMA = YES;
				CLANG_WARN_CONSTANT_CONVERSION = YES;
				CLANG_WARN_DEPRECATED_OBJC_IMPLEMENTATIONS = YES;
				CLANG_WARN_DIRECT_OBJC_ISA_USAGE = YES_ERROR;
				CLANG_WARN_DOCUMENTATION_COMMENTS = YES;
				CLANG_WARN_EMPTY_BODY = YES;
				CLANG_WARN_ENUM_CONVERSION = YES;
				CLANG_WARN_INFINITE_RECURSION = YES;
				CLANG_WARN_INT_CONVERSION = YES;
				CLANG_WARN_NON_LITERAL_NULL_CONVERSION = YES;
				CLANG_WARN_OBJC_IMPLICIT_RETAIN_SELF = YES;
				CLANG_WARN_OBJC_LITERAL_CONVERSION = YES;
				CLANG_WARN_OBJC_ROOT_CLASS = YES_ERROR;
				CLANG_WARN_RANGE_LOOP_ANALYSIS = YES;
				CLANG_WARN_STRICT_PROTOTYPES = YES;
				CLANG_WARN_SUSPICIOUS_MOVE = YES;
				CLANG_WARN_UNGUARDED_AVAILABILITY = YES_AGGRESSIVE;
				CLANG_WARN_UNREACHABLE_CODE = YES;
				CLANG_WARN__DUPLICATE_METHOD_MATCH = YES;
				COPY_PHASE_STRIP = NO;
				DEBUG_INFORMATION_FORMAT = "dwarf-with-dsym";
				ENABLE_NS_ASSERTIONS = NO;
				ENABLE_STRICT_OBJC_MSGSEND = YES;
				GCC_C_LANGUAGE_STANDARD = gnu11;
				GCC_NO_COMMON_BLOCKS = YES;
				GCC_WARN_64_TO_32_BIT_CONVERSION = YES;
				GCC_WARN_ABOUT_RETURN_TYPE = YES_ERROR;
				GCC_WARN_UNDECLARED_SELECTOR = YES;
				GCC_WARN_UNINITIALIZED_AUTOS = YES_AGGRESSIVE;
				GCC_WARN_UNUSED_FUNCTION = YES;
				GCC_WARN_UNUSED_VARIABLE = YES;
				IPHONEOS_DEPLOYMENT_TARGET = 13.0;
				MTL_ENABLE_DEBUG_INFO = NO;
				MTL_FAST_MATH = YES;
				SDKROOT = iphoneos;
				SWIFT_COMPILATION_MODE = wholemodule;
				SWIFT_OPTIMIZATION_LEVEL = "-O";
				VALIDATE_PRODUCT = YES;
			};
			name = Release;
		};
		90CEB6082382ACB200249C82 /* Debug */ = {
			isa = XCBuildConfiguration;
			buildSettings = {
				ASSETCATALOG_COMPILER_APPICON_NAME = AppIcon;
				CODE_SIGN_STYLE = Automatic;
				DEVELOPMENT_TEAM = PG567LPL9M;
				INFOPLIST_FILE = ARHandDev/Info.plist;
				LD_RUNPATH_SEARCH_PATHS = (
					"$(inherited)",
					"@executable_path/Frameworks",
				);
				PRODUCT_BUNDLE_IDENTIFIER = com.example.ARHandDev;
				PRODUCT_NAME = "$(TARGET_NAME)";
				SWIFT_VERSION = 5.0;
				TARGETED_DEVICE_FAMILY = "1,2";
			};
			name = Debug;
		};
		90CEB6092382ACB200249C82 /* Release */ = {
			isa = XCBuildConfiguration;
			buildSettings = {
				ASSETCATALOG_COMPILER_APPICON_NAME = AppIcon;
				CODE_SIGN_STYLE = Automatic;
				DEVELOPMENT_TEAM = PG567LPL9M;
				INFOPLIST_FILE = ARHandDev/Info.plist;
				LD_RUNPATH_SEARCH_PATHS = (
					"$(inherited)",
					"@executable_path/Frameworks",
				);
				PRODUCT_BUNDLE_IDENTIFIER = com.example.ARHandDev;
				PRODUCT_NAME = "$(TARGET_NAME)";
				SWIFT_VERSION = 5.0;
				TARGETED_DEVICE_FAMILY = "1,2";
			};
			name = Release;
		};
		EBBC28662384295700D3E5E4 /* Debug */ = {
			isa = XCBuildConfiguration;
			buildSettings = {
				BUNDLE_LOADER = "$(TEST_HOST)";
				CLANG_ENABLE_MODULES = YES;
				CODE_SIGN_STYLE = Automatic;
				DEVELOPMENT_TEAM = 68QQNWZDTF;
				INFOPLIST_FILE = ARHandDevTests/Info.plist;
				IPHONEOS_DEPLOYMENT_TARGET = 13.1;
				LD_RUNPATH_SEARCH_PATHS = (
					"$(inherited)",
					"@executable_path/Frameworks",
					"@loader_path/Frameworks",
				);
				PRODUCT_BUNDLE_IDENTIFIER = yaberwock.ARHandDevTests;
				PRODUCT_NAME = "$(TARGET_NAME)";
				SWIFT_OBJC_BRIDGING_HEADER = "ARHandDevTests/ARHandDevTests-Bridging-Header.h";
				SWIFT_OPTIMIZATION_LEVEL = "-Onone";
				SWIFT_VERSION = 5.0;
				TARGETED_DEVICE_FAMILY = "1,2";
				TEST_HOST = "$(BUILT_PRODUCTS_DIR)/ARHandDev.app/ARHandDev";
			};
			name = Debug;
		};
		EBBC28672384295700D3E5E4 /* Release */ = {
			isa = XCBuildConfiguration;
			buildSettings = {
				BUNDLE_LOADER = "$(TEST_HOST)";
				CLANG_ENABLE_MODULES = YES;
				CODE_SIGN_STYLE = Automatic;
				DEVELOPMENT_TEAM = 68QQNWZDTF;
				INFOPLIST_FILE = ARHandDevTests/Info.plist;
				IPHONEOS_DEPLOYMENT_TARGET = 13.1;
				LD_RUNPATH_SEARCH_PATHS = (
					"$(inherited)",
					"@executable_path/Frameworks",
					"@loader_path/Frameworks",
				);
				PRODUCT_BUNDLE_IDENTIFIER = yaberwock.ARHandDevTests;
				PRODUCT_NAME = "$(TARGET_NAME)";
				SWIFT_OBJC_BRIDGING_HEADER = "ARHandDevTests/ARHandDevTests-Bridging-Header.h";
				SWIFT_VERSION = 5.0;
				TARGETED_DEVICE_FAMILY = "1,2";
				TEST_HOST = "$(BUILT_PRODUCTS_DIR)/ARHandDev.app/ARHandDev";
			};
			name = Release;
		};
/* End XCBuildConfiguration section */

/* Begin XCConfigurationList section */
		90CEB5EC2382ACAE00249C82 /* Build configuration list for PBXProject "ARHandDev" */ = {
			isa = XCConfigurationList;
			buildConfigurations = (
				90CEB6052382ACB200249C82 /* Debug */,
				90CEB6062382ACB200249C82 /* Release */,
			);
			defaultConfigurationIsVisible = 0;
			defaultConfigurationName = Release;
		};
		90CEB6072382ACB200249C82 /* Build configuration list for PBXNativeTarget "ARHandDev" */ = {
			isa = XCConfigurationList;
			buildConfigurations = (
				90CEB6082382ACB200249C82 /* Debug */,
				90CEB6092382ACB200249C82 /* Release */,
			);
			defaultConfigurationIsVisible = 0;
			defaultConfigurationName = Release;
		};
		EBBC28652384295700D3E5E4 /* Build configuration list for PBXNativeTarget "ARHandDevTests" */ = {
			isa = XCConfigurationList;
			buildConfigurations = (
				EBBC28662384295700D3E5E4 /* Debug */,
				EBBC28672384295700D3E5E4 /* Release */,
			);
			defaultConfigurationIsVisible = 0;
			defaultConfigurationName = Release;
		};
/* End XCConfigurationList section */
	};
	rootObject = 90CEB5E92382ACAE00249C82 /* Project object */;
}
